// !$*UTF8*$!
{
	archiveVersion = 1;
	classes = {
	};
	objectVersion = 56;
	objects = {

/* Begin PBXBuildFile section */
		7382A9A128EC224B00DA5184 /* AppDelegate.swift in Sources */ = {isa = PBXBuildFile; fileRef = 7382A9A028EC224B00DA5184 /* AppDelegate.swift */; };
		7382A9A328EC224B00DA5184 /* SceneDelegate.swift in Sources */ = {isa = PBXBuildFile; fileRef = 7382A9A228EC224B00DA5184 /* SceneDelegate.swift */; };
		7382A9A528EC224B00DA5184 /* testLinkedListVC.swift in Sources */ = {isa = PBXBuildFile; fileRef = 7382A9A428EC224B00DA5184 /* testLinkedListVC.swift */; };
		7382A9A828EC224B00DA5184 /* Main.storyboard in Resources */ = {isa = PBXBuildFile; fileRef = 7382A9A628EC224B00DA5184 /* Main.storyboard */; };
		7382A9AA28EC224C00DA5184 /* Assets.xcassets in Resources */ = {isa = PBXBuildFile; fileRef = 7382A9A928EC224C00DA5184 /* Assets.xcassets */; };
		7382A9AD28EC224C00DA5184 /* LaunchScreen.storyboard in Resources */ = {isa = PBXBuildFile; fileRef = 7382A9AB28EC224C00DA5184 /* LaunchScreen.storyboard */; };
		7382A9B828EC224C00DA5184 /* DataStructuresinSwiftTests.swift in Sources */ = {isa = PBXBuildFile; fileRef = 7382A9B728EC224C00DA5184 /* DataStructuresinSwiftTests.swift */; };
		7382A9C228EC224C00DA5184 /* DataStructuresinSwiftUITests.swift in Sources */ = {isa = PBXBuildFile; fileRef = 7382A9C128EC224C00DA5184 /* DataStructuresinSwiftUITests.swift */; };
		7382A9C428EC224C00DA5184 /* DataStructuresinSwiftUITestsLaunchTests.swift in Sources */ = {isa = PBXBuildFile; fileRef = 7382A9C328EC224C00DA5184 /* DataStructuresinSwiftUITestsLaunchTests.swift */; };
		7382A9D228EC231D00DA5184 /* Node.swift in Sources */ = {isa = PBXBuildFile; fileRef = 7382A9D128EC231D00DA5184 /* Node.swift */; };
/* End PBXBuildFile section */

/* Begin PBXContainerItemProxy section */
		7382A9B428EC224C00DA5184 /* PBXContainerItemProxy */ = {
			isa = PBXContainerItemProxy;
			containerPortal = 7382A99528EC224B00DA5184 /* Project object */;
			proxyType = 1;
			remoteGlobalIDString = 7382A99C28EC224B00DA5184;
			remoteInfo = DataStructuresinSwift;
		};
		7382A9BE28EC224C00DA5184 /* PBXContainerItemProxy */ = {
			isa = PBXContainerItemProxy;
			containerPortal = 7382A99528EC224B00DA5184 /* Project object */;
			proxyType = 1;
			remoteGlobalIDString = 7382A99C28EC224B00DA5184;
			remoteInfo = DataStructuresinSwift;
		};
/* End PBXContainerItemProxy section */

/* Begin PBXFileReference section */
		7382A99D28EC224B00DA5184 /* DataStructuresinSwift.app */ = {isa = PBXFileReference; explicitFileType = wrapper.application; includeInIndex = 0; path = DataStructuresinSwift.app; sourceTree = BUILT_PRODUCTS_DIR; };
		7382A9A028EC224B00DA5184 /* AppDelegate.swift */ = {isa = PBXFileReference; lastKnownFileType = sourcecode.swift; path = AppDelegate.swift; sourceTree = "<group>"; };
		7382A9A228EC224B00DA5184 /* SceneDelegate.swift */ = {isa = PBXFileReference; lastKnownFileType = sourcecode.swift; path = SceneDelegate.swift; sourceTree = "<group>"; };
		7382A9A428EC224B00DA5184 /* testLinkedListVC.swift */ = {isa = PBXFileReference; lastKnownFileType = sourcecode.swift; path = testLinkedListVC.swift; sourceTree = "<group>"; };
		7382A9A728EC224B00DA5184 /* Base */ = {isa = PBXFileReference; lastKnownFileType = file.storyboard; name = Base; path = Base.lproj/Main.storyboard; sourceTree = "<group>"; };
		7382A9A928EC224C00DA5184 /* Assets.xcassets */ = {isa = PBXFileReference; lastKnownFileType = folder.assetcatalog; path = Assets.xcassets; sourceTree = "<group>"; };
		7382A9AC28EC224C00DA5184 /* Base */ = {isa = PBXFileReference; lastKnownFileType = file.storyboard; name = Base; path = Base.lproj/LaunchScreen.storyboard; sourceTree = "<group>"; };
		7382A9AE28EC224C00DA5184 /* Info.plist */ = {isa = PBXFileReference; lastKnownFileType = text.plist.xml; path = Info.plist; sourceTree = "<group>"; };
		7382A9B328EC224C00DA5184 /* DataStructuresinSwiftTests.xctest */ = {isa = PBXFileReference; explicitFileType = wrapper.cfbundle; includeInIndex = 0; path = DataStructuresinSwiftTests.xctest; sourceTree = BUILT_PRODUCTS_DIR; };
		7382A9B728EC224C00DA5184 /* DataStructuresinSwiftTests.swift */ = {isa = PBXFileReference; lastKnownFileType = sourcecode.swift; path = DataStructuresinSwiftTests.swift; sourceTree = "<group>"; };
		7382A9BD28EC224C00DA5184 /* DataStructuresinSwiftUITests.xctest */ = {isa = PBXFileReference; explicitFileType = wrapper.cfbundle; includeInIndex = 0; path = DataStructuresinSwiftUITests.xctest; sourceTree = BUILT_PRODUCTS_DIR; };
		7382A9C128EC224C00DA5184 /* DataStructuresinSwiftUITests.swift */ = {isa = PBXFileReference; lastKnownFileType = sourcecode.swift; path = DataStructuresinSwiftUITests.swift; sourceTree = "<group>"; };
		7382A9C328EC224C00DA5184 /* DataStructuresinSwiftUITestsLaunchTests.swift */ = {isa = PBXFileReference; lastKnownFileType = sourcecode.swift; path = DataStructuresinSwiftUITestsLaunchTests.swift; sourceTree = "<group>"; };
		7382A9D128EC231D00DA5184 /* Node.swift */ = {isa = PBXFileReference; lastKnownFileType = sourcecode.swift; path = Node.swift; sourceTree = "<group>"; };
/* End PBXFileReference section */

/* Begin PBXFrameworksBuildPhase section */
		7382A99A28EC224B00DA5184 /* Frameworks */ = {
			isa = PBXFrameworksBuildPhase;
			buildActionMask = 2147483647;
			files = (
			);
			runOnlyForDeploymentPostprocessing = 0;
		};
		7382A9B028EC224C00DA5184 /* Frameworks */ = {
			isa = PBXFrameworksBuildPhase;
			buildActionMask = 2147483647;
			files = (
			);
			runOnlyForDeploymentPostprocessing = 0;
		};
		7382A9BA28EC224C00DA5184 /* Frameworks */ = {
			isa = PBXFrameworksBuildPhase;
			buildActionMask = 2147483647;
			files = (
			);
			runOnlyForDeploymentPostprocessing = 0;
		};
/* End PBXFrameworksBuildPhase section */

/* Begin PBXGroup section */
		7382A99428EC224B00DA5184 = {
			isa = PBXGroup;
			children = (
				7382A99F28EC224B00DA5184 /* DataStructuresinSwift */,
				7382A9B628EC224C00DA5184 /* DataStructuresinSwiftTests */,
				7382A9C028EC224C00DA5184 /* DataStructuresinSwiftUITests */,
				7382A99E28EC224B00DA5184 /* Products */,
			);
			sourceTree = "<group>";
		};
		7382A99E28EC224B00DA5184 /* Products */ = {
			isa = PBXGroup;
			children = (
				7382A99D28EC224B00DA5184 /* DataStructuresinSwift.app */,
				7382A9B328EC224C00DA5184 /* DataStructuresinSwiftTests.xctest */,
				7382A9BD28EC224C00DA5184 /* DataStructuresinSwiftUITests.xctest */,
			);
			name = Products;
			sourceTree = "<group>";
		};
		7382A99F28EC224B00DA5184 /* DataStructuresinSwift */ = {
			isa = PBXGroup;
			children = (
				7382A9D028EC22FC00DA5184 /* Linked List */,
				7382A9A028EC224B00DA5184 /* AppDelegate.swift */,
				7382A9A228EC224B00DA5184 /* SceneDelegate.swift */,
				7382A9A428EC224B00DA5184 /* testLinkedListVC.swift */,
				7382A9A628EC224B00DA5184 /* Main.storyboard */,
				7382A9A928EC224C00DA5184 /* Assets.xcassets */,
				7382A9AB28EC224C00DA5184 /* LaunchScreen.storyboard */,
				7382A9AE28EC224C00DA5184 /* Info.plist */,
			);
			path = DataStructuresinSwift;
			sourceTree = "<group>";
		};
		7382A9B628EC224C00DA5184 /* DataStructuresinSwiftTests */ = {
			isa = PBXGroup;
			children = (
				7382A9B728EC224C00DA5184 /* DataStructuresinSwiftTests.swift */,
			);
			path = DataStructuresinSwiftTests;
			sourceTree = "<group>";
		};
		7382A9C028EC224C00DA5184 /* DataStructuresinSwiftUITests */ = {
			isa = PBXGroup;
			children = (
				7382A9C128EC224C00DA5184 /* DataStructuresinSwiftUITests.swift */,
				7382A9C328EC224C00DA5184 /* DataStructuresinSwiftUITestsLaunchTests.swift */,
			);
			path = DataStructuresinSwiftUITests;
			sourceTree = "<group>";
		};
		7382A9D028EC22FC00DA5184 /* Linked List */ = {
			isa = PBXGroup;
			children = (
				7382A9D128EC231D00DA5184 /* Node.swift */,
			);
			path = "Linked List";
			sourceTree = "<group>";
		};
/* End PBXGroup section */

/* Begin PBXNativeTarget section */
		7382A99C28EC224B00DA5184 /* DataStructuresinSwift */ = {
			isa = PBXNativeTarget;
			buildConfigurationList = 7382A9C728EC224C00DA5184 /* Build configuration list for PBXNativeTarget "DataStructuresinSwift" */;
			buildPhases = (
				7382A99928EC224B00DA5184 /* Sources */,
				7382A99A28EC224B00DA5184 /* Frameworks */,
				7382A99B28EC224B00DA5184 /* Resources */,
			);
			buildRules = (
			);
			dependencies = (
			);
			name = DataStructuresinSwift;
			productName = DataStructuresinSwift;
			productReference = 7382A99D28EC224B00DA5184 /* DataStructuresinSwift.app */;
			productType = "com.apple.product-type.application";
		};
		7382A9B228EC224C00DA5184 /* DataStructuresinSwiftTests */ = {
			isa = PBXNativeTarget;
			buildConfigurationList = 7382A9CA28EC224C00DA5184 /* Build configuration list for PBXNativeTarget "DataStructuresinSwiftTests" */;
			buildPhases = (
				7382A9AF28EC224C00DA5184 /* Sources */,
				7382A9B028EC224C00DA5184 /* Frameworks */,
				7382A9B128EC224C00DA5184 /* Resources */,
			);
			buildRules = (
			);
			dependencies = (
				7382A9B528EC224C00DA5184 /* PBXTargetDependency */,
			);
			name = DataStructuresinSwiftTests;
			productName = DataStructuresinSwiftTests;
			productReference = 7382A9B328EC224C00DA5184 /* DataStructuresinSwiftTests.xctest */;
			productType = "com.apple.product-type.bundle.unit-test";
		};
		7382A9BC28EC224C00DA5184 /* DataStructuresinSwiftUITests */ = {
			isa = PBXNativeTarget;
			buildConfigurationList = 7382A9CD28EC224C00DA5184 /* Build configuration list for PBXNativeTarget "DataStructuresinSwiftUITests" */;
			buildPhases = (
				7382A9B928EC224C00DA5184 /* Sources */,
				7382A9BA28EC224C00DA5184 /* Frameworks */,
				7382A9BB28EC224C00DA5184 /* Resources */,
			);
			buildRules = (
			);
			dependencies = (
				7382A9BF28EC224C00DA5184 /* PBXTargetDependency */,
			);
			name = DataStructuresinSwiftUITests;
			productName = DataStructuresinSwiftUITests;
			productReference = 7382A9BD28EC224C00DA5184 /* DataStructuresinSwiftUITests.xctest */;
			productType = "com.apple.product-type.bundle.ui-testing";
		};
/* End PBXNativeTarget section */

/* Begin PBXProject section */
		7382A99528EC224B00DA5184 /* Project object */ = {
			isa = PBXProject;
			attributes = {
				BuildIndependentTargetsInParallel = 1;
				LastSwiftUpdateCheck = 1400;
				LastUpgradeCheck = 1400;
				TargetAttributes = {
					7382A99C28EC224B00DA5184 = {
						CreatedOnToolsVersion = 14.0.1;
					};
					7382A9B228EC224C00DA5184 = {
						CreatedOnToolsVersion = 14.0.1;
						TestTargetID = 7382A99C28EC224B00DA5184;
					};
					7382A9BC28EC224C00DA5184 = {
						CreatedOnToolsVersion = 14.0.1;
						TestTargetID = 7382A99C28EC224B00DA5184;
					};
				};
			};
			buildConfigurationList = 7382A99828EC224B00DA5184 /* Build configuration list for PBXProject "DataStructuresinSwift" */;
			compatibilityVersion = "Xcode 14.0";
			developmentRegion = en;
			hasScannedForEncodings = 0;
			knownRegions = (
				en,
				Base,
			);
			mainGroup = 7382A99428EC224B00DA5184;
			productRefGroup = 7382A99E28EC224B00DA5184 /* Products */;
			projectDirPath = "";
			projectRoot = "";
			targets = (
				7382A99C28EC224B00DA5184 /* DataStructuresinSwift */,
				7382A9B228EC224C00DA5184 /* DataStructuresinSwiftTests */,
				7382A9BC28EC224C00DA5184 /* DataStructuresinSwiftUITests */,
			);
		};
/* End PBXProject section */

/* Begin PBXResourcesBuildPhase section */
		7382A99B28EC224B00DA5184 /* Resources */ = {
			isa = PBXResourcesBuildPhase;
			buildActionMask = 2147483647;
			files = (
				7382A9AD28EC224C00DA5184 /* LaunchScreen.storyboard in Resources */,
				7382A9AA28EC224C00DA5184 /* Assets.xcassets in Resources */,
				7382A9A828EC224B00DA5184 /* Main.storyboard in Resources */,
			);
			runOnlyForDeploymentPostprocessing = 0;
		};
		7382A9B128EC224C00DA5184 /* Resources */ = {
			isa = PBXResourcesBuildPhase;
			buildActionMask = 2147483647;
			files = (
			);
			runOnlyForDeploymentPostprocessing = 0;
		};
		7382A9BB28EC224C00DA5184 /* Resources */ = {
			isa = PBXResourcesBuildPhase;
			buildActionMask = 2147483647;
			files = (
			);
			runOnlyForDeploymentPostprocessing = 0;
		};
/* End PBXResourcesBuildPhase section */

/* Begin PBXSourcesBuildPhase section */
		7382A99928EC224B00DA5184 /* Sources */ = {
			isa = PBXSourcesBuildPhase;
			buildActionMask = 2147483647;
			files = (
				7382A9A528EC224B00DA5184 /* testLinkedListVC.swift in Sources */,
				7382A9A128EC224B00DA5184 /* AppDelegate.swift in Sources */,
				7382A9A328EC224B00DA5184 /* SceneDelegate.swift in Sources */,
				7382A9D228EC231D00DA5184 /* Node.swift in Sources */,
			);
			runOnlyForDeploymentPostprocessing = 0;
		};
		7382A9AF28EC224C00DA5184 /* Sources */ = {
			isa = PBXSourcesBuildPhase;
			buildActionMask = 2147483647;
			files = (
				7382A9B828EC224C00DA5184 /* DataStructuresinSwiftTests.swift in Sources */,
			);
			runOnlyForDeploymentPostprocessing = 0;
		};
		7382A9B928EC224C00DA5184 /* Sources */ = {
			isa = PBXSourcesBuildPhase;
			buildActionMask = 2147483647;
			files = (
				7382A9C228EC224C00DA5184 /* DataStructuresinSwiftUITests.swift in Sources */,
				7382A9C428EC224C00DA5184 /* DataStructuresinSwiftUITestsLaunchTests.swift in Sources */,
			);
			runOnlyForDeploymentPostprocessing = 0;
		};
/* End PBXSourcesBuildPhase section */

/* Begin PBXTargetDependency section */
		7382A9B528EC224C00DA5184 /* PBXTargetDependency */ = {
			isa = PBXTargetDependency;
			target = 7382A99C28EC224B00DA5184 /* DataStructuresinSwift */;
			targetProxy = 7382A9B428EC224C00DA5184 /* PBXContainerItemProxy */;
		};
		7382A9BF28EC224C00DA5184 /* PBXTargetDependency */ = {
			isa = PBXTargetDependency;
			target = 7382A99C28EC224B00DA5184 /* DataStructuresinSwift */;
			targetProxy = 7382A9BE28EC224C00DA5184 /* PBXContainerItemProxy */;
		};
/* End PBXTargetDependency section */

/* Begin PBXVariantGroup section */
		7382A9A628EC224B00DA5184 /* Main.storyboard */ = {
			isa = PBXVariantGroup;
			children = (
				7382A9A728EC224B00DA5184 /* Base */,
			);
			name = Main.storyboard;
			sourceTree = "<group>";
		};
		7382A9AB28EC224C00DA5184 /* LaunchScreen.storyboard */ = {
			isa = PBXVariantGroup;
			children = (
				7382A9AC28EC224C00DA5184 /* Base */,
			);
			name = LaunchScreen.storyboard;
			sourceTree = "<group>";
		};
/* End PBXVariantGroup section */

/* Begin XCBuildConfiguration section */
		7382A9C528EC224C00DA5184 /* Debug */ = {
			isa = XCBuildConfiguration;
			buildSettings = {
				ALWAYS_SEARCH_USER_PATHS = NO;
				CLANG_ANALYZER_NONNULL = YES;
				CLANG_ANALYZER_NUMBER_OBJECT_CONVERSION = YES_AGGRESSIVE;
				CLANG_CXX_LANGUAGE_STANDARD = "gnu++20";
				CLANG_ENABLE_MODULES = YES;
				CLANG_ENABLE_OBJC_ARC = YES;
				CLANG_ENABLE_OBJC_WEAK = YES;
				CLANG_WARN_BLOCK_CAPTURE_AUTORELEASING = YES;
				CLANG_WARN_BOOL_CONVERSION = YES;
				CLANG_WARN_COMMA = YES;
				CLANG_WARN_CONSTANT_CONVERSION = YES;
				CLANG_WARN_DEPRECATED_OBJC_IMPLEMENTATIONS = YES;
				CLANG_WARN_DIRECT_OBJC_ISA_USAGE = YES_ERROR;
				CLANG_WARN_DOCUMENTATION_COMMENTS = YES;
				CLANG_WARN_EMPTY_BODY = YES;
				CLANG_WARN_ENUM_CONVERSION = YES;
				CLANG_WARN_INFINITE_RECURSION = YES;
				CLANG_WARN_INT_CONVERSION = YES;
				CLANG_WARN_NON_LITERAL_NULL_CONVERSION = YES;
				CLANG_WARN_OBJC_IMPLICIT_RETAIN_SELF = YES;
				CLANG_WARN_OBJC_LITERAL_CONVERSION = YES;
				CLANG_WARN_OBJC_ROOT_CLASS = YES_ERROR;
				CLANG_WARN_QUOTED_INCLUDE_IN_FRAMEWORK_HEADER = YES;
				CLANG_WARN_RANGE_LOOP_ANALYSIS = YES;
				CLANG_WARN_STRICT_PROTOTYPES = YES;
				CLANG_WARN_SUSPICIOUS_MOVE = YES;
				CLANG_WARN_UNGUARDED_AVAILABILITY = YES_AGGRESSIVE;
				CLANG_WARN_UNREACHABLE_CODE = YES;
				CLANG_WARN__DUPLICATE_METHOD_MATCH = YES;
				COPY_PHASE_STRIP = NO;
				DEBUG_INFORMATION_FORMAT = dwarf;
				ENABLE_STRICT_OBJC_MSGSEND = YES;
				ENABLE_TESTABILITY = YES;
				GCC_C_LANGUAGE_STANDARD = gnu11;
				GCC_DYNAMIC_NO_PIC = NO;
				GCC_NO_COMMON_BLOCKS = YES;
				GCC_OPTIMIZATION_LEVEL = 0;
				GCC_PREPROCESSOR_DEFINITIONS = (
					"DEBUG=1",
					"$(inherited)",
				);
				GCC_WARN_64_TO_32_BIT_CONVERSION = YES;
				GCC_WARN_ABOUT_RETURN_TYPE = YES_ERROR;
				GCC_WARN_UNDECLARED_SELECTOR = YES;
				GCC_WARN_UNINITIALIZED_AUTOS = YES_AGGRESSIVE;
				GCC_WARN_UNUSED_FUNCTION = YES;
				GCC_WARN_UNUSED_VARIABLE = YES;
				IPHONEOS_DEPLOYMENT_TARGET = 16.0;
				MTL_ENABLE_DEBUG_INFO = INCLUDE_SOURCE;
				MTL_FAST_MATH = YES;
				ONLY_ACTIVE_ARCH = YES;
				SDKROOT = iphoneos;
				SWIFT_ACTIVE_COMPILATION_CONDITIONS = DEBUG;
				SWIFT_OPTIMIZATION_LEVEL = "-Onone";
			};
			name = Debug;
		};
		7382A9C628EC224C00DA5184 /* Release */ = {
			isa = XCBuildConfiguration;
			buildSettings = {
				ALWAYS_SEARCH_USER_PATHS = NO;
				CLANG_ANALYZER_NONNULL = YES;
				CLANG_ANALYZER_NUMBER_OBJECT_CONVERSION = YES_AGGRESSIVE;
				CLANG_CXX_LANGUAGE_STANDARD = "gnu++20";
				CLANG_ENABLE_MODULES = YES;
				CLANG_ENABLE_OBJC_ARC = YES;
				CLANG_ENABLE_OBJC_WEAK = YES;
				CLANG_WARN_BLOCK_CAPTURE_AUTORELEASING = YES;
				CLANG_WARN_BOOL_CONVERSION = YES;
				CLANG_WARN_COMMA = YES;
				CLANG_WARN_CONSTANT_CONVERSION = YES;
				CLANG_WARN_DEPRECATED_OBJC_IMPLEMENTATIONS = YES;
				CLANG_WARN_DIRECT_OBJC_ISA_USAGE = YES_ERROR;
				CLANG_WARN_DOCUMENTATION_COMMENTS = YES;
				CLANG_WARN_EMPTY_BODY = YES;
				CLANG_WARN_ENUM_CONVERSION = YES;
				CLANG_WARN_INFINITE_RECURSION = YES;
				CLANG_WARN_INT_CONVERSION = YES;
				CLANG_WARN_NON_LITERAL_NULL_CONVERSION = YES;
				CLANG_WARN_OBJC_IMPLICIT_RETAIN_SELF = YES;
				CLANG_WARN_OBJC_LITERAL_CONVERSION = YES;
				CLANG_WARN_OBJC_ROOT_CLASS = YES_ERROR;
				CLANG_WARN_QUOTED_INCLUDE_IN_FRAMEWORK_HEADER = YES;
				CLANG_WARN_RANGE_LOOP_ANALYSIS = YES;
				CLANG_WARN_STRICT_PROTOTYPES = YES;
				CLANG_WARN_SUSPICIOUS_MOVE = YES;
				CLANG_WARN_UNGUARDED_AVAILABILITY = YES_AGGRESSIVE;
				CLANG_WARN_UNREACHABLE_CODE = YES;
				CLANG_WARN__DUPLICATE_METHOD_MATCH = YES;
				COPY_PHASE_STRIP = NO;
				DEBUG_INFORMATION_FORMAT = "dwarf-with-dsym";
				ENABLE_NS_ASSERTIONS = NO;
				ENABLE_STRICT_OBJC_MSGSEND = YES;
				GCC_C_LANGUAGE_STANDARD = gnu11;
				GCC_NO_COMMON_BLOCKS = YES;
				GCC_WARN_64_TO_32_BIT_CONVERSION = YES;
				GCC_WARN_ABOUT_RETURN_TYPE = YES_ERROR;
				GCC_WARN_UNDECLARED_SELECTOR = YES;
				GCC_WARN_UNINITIALIZED_AUTOS = YES_AGGRESSIVE;
				GCC_WARN_UNUSED_FUNCTION = YES;
				GCC_WARN_UNUSED_VARIABLE = YES;
				IPHONEOS_DEPLOYMENT_TARGET = 16.0;
				MTL_ENABLE_DEBUG_INFO = NO;
				MTL_FAST_MATH = YES;
				SDKROOT = iphoneos;
				SWIFT_COMPILATION_MODE = wholemodule;
				SWIFT_OPTIMIZATION_LEVEL = "-O";
				VALIDATE_PRODUCT = YES;
			};
			name = Release;
		};
		7382A9C828EC224C00DA5184 /* Debug */ = {
			isa = XCBuildConfiguration;
			buildSettings = {
				ASSETCATALOG_COMPILER_APPICON_NAME = AppIcon;
				ASSETCATALOG_COMPILER_GLOBAL_ACCENT_COLOR_NAME = AccentColor;
				CODE_SIGN_STYLE = Automatic;
				CURRENT_PROJECT_VERSION = 1;
				DEVELOPMENT_TEAM = 4U8DMJ33ZN;
				GENERATE_INFOPLIST_FILE = YES;
				INFOPLIST_FILE = DataStructuresinSwift/Info.plist;
				INFOPLIST_KEY_UIApplicationSupportsIndirectInputEvents = YES;
				INFOPLIST_KEY_UILaunchStoryboardName = LaunchScreen;
				INFOPLIST_KEY_UIMainStoryboardFile = Main;
				INFOPLIST_KEY_UISupportedInterfaceOrientations_iPad = "UIInterfaceOrientationPortrait UIInterfaceOrientationPortraitUpsideDown UIInterfaceOrientationLandscapeLeft UIInterfaceOrientationLandscapeRight";
				INFOPLIST_KEY_UISupportedInterfaceOrientations_iPhone = "UIInterfaceOrientationPortrait UIInterfaceOrientationLandscapeLeft UIInterfaceOrientationLandscapeRight";
				LD_RUNPATH_SEARCH_PATHS = (
					"$(inherited)",
					"@executable_path/Frameworks",
				);
				MARKETING_VERSION = 1.0;
				PRODUCT_BUNDLE_IDENTIFIER = yamany.DataStructuresinSwift;
				PRODUCT_NAME = "$(TARGET_NAME)";
				SWIFT_EMIT_LOC_STRINGS = YES;
				SWIFT_VERSION = 5.0;
				TARGETED_DEVICE_FAMILY = "1,2";
			};
			name = Debug;
		};
		7382A9C928EC224C00DA5184 /* Release */ = {
			isa = XCBuildConfiguration;
			buildSettings = {
				ASSETCATALOG_COMPILER_APPICON_NAME = AppIcon;
				ASSETCATALOG_COMPILER_GLOBAL_ACCENT_COLOR_NAME = AccentColor;
				CODE_SIGN_STYLE = Automatic;
				CURRENT_PROJECT_VERSION = 1;
				DEVELOPMENT_TEAM = 4U8DMJ33ZN;
				GENERATE_INFOPLIST_FILE = YES;
				INFOPLIST_FILE = DataStructuresinSwift/Info.plist;
				INFOPLIST_KEY_UIApplicationSupportsIndirectInputEvents = YES;
				INFOPLIST_KEY_UILaunchStoryboardName = LaunchScreen;
				INFOPLIST_KEY_UIMainStoryboardFile = Main;
				INFOPLIST_KEY_UISupportedInterfaceOrientations_iPad = "UIInterfaceOrientationPortrait UIInterfaceOrientationPortraitUpsideDown UIInterfaceOrientationLandscapeLeft UIInterfaceOrientationLandscapeRight";
				INFOPLIST_KEY_UISupportedInterfaceOrientations_iPhone = "UIInterfaceOrientationPortrait UIInterfaceOrientationLandscapeLeft UIInterfaceOrientationLandscapeRight";
				LD_RUNPATH_SEARCH_PATHS = (
					"$(inherited)",
					"@executable_path/Frameworks",
				);
				MARKETING_VERSION = 1.0;
				PRODUCT_BUNDLE_IDENTIFIER = yamany.DataStructuresinSwift;
				PRODUCT_NAME = "$(TARGET_NAME)";
				SWIFT_EMIT_LOC_STRINGS = YES;
				SWIFT_VERSION = 5.0;
				TARGETED_DEVICE_FAMILY = "1,2";
			};
			name = Release;
		};
		7382A9CB28EC224C00DA5184 /* Debug */ = {
			isa = XCBuildConfiguration;
			buildSettings = {
				ALWAYS_EMBED_SWIFT_STANDARD_LIBRARIES = YES;
				BUNDLE_LOADER = "$(TEST_HOST)";
				CODE_SIGN_STYLE = Automatic;
				CURRENT_PROJECT_VERSION = 1;
				DEVELOPMENT_TEAM = 4U8DMJ33ZN;
				GENERATE_INFOPLIST_FILE = YES;
				IPHONEOS_DEPLOYMENT_TARGET = 16.0;
				MARKETING_VERSION = 1.0;
				PRODUCT_BUNDLE_IDENTIFIER = yamany.DataStructuresinSwiftTests;
				PRODUCT_NAME = "$(TARGET_NAME)";
				SWIFT_EMIT_LOC_STRINGS = NO;
				SWIFT_VERSION = 5.0;
				TARGETED_DEVICE_FAMILY = "1,2";
				TEST_HOST = "$(BUILT_PRODUCTS_DIR)/DataStructuresinSwift.app/$(BUNDLE_EXECUTABLE_FOLDER_PATH)/DataStructuresinSwift";
			};
			name = Debug;
		};
		7382A9CC28EC224C00DA5184 /* Release */ = {
			isa = XCBuildConfiguration;
			buildSettings = {
				ALWAYS_EMBED_SWIFT_STANDARD_LIBRARIES = YES;
				BUNDLE_LOADER = "$(TEST_HOST)";
				CODE_SIGN_STYLE = Automatic;
				CURRENT_PROJECT_VERSION = 1;
				DEVELOPMENT_TEAM = 4U8DMJ33ZN;
				GENERATE_INFOPLIST_FILE = YES;
				IPHONEOS_DEPLOYMENT_TARGET = 16.0;
				MARKETING_VERSION = 1.0;
				PRODUCT_BUNDLE_IDENTIFIER = yamany.DataStructuresinSwiftTests;
				PRODUCT_NAME = "$(TARGET_NAME)";
				SWIFT_EMIT_LOC_STRINGS = NO;
				SWIFT_VERSION = 5.0;
				TARGETED_DEVICE_FAMILY = "1,2";
				TEST_HOST = "$(BUILT_PRODUCTS_DIR)/DataStructuresinSwift.app/$(BUNDLE_EXECUTABLE_FOLDER_PATH)/DataStructuresinSwift";
			};
			name = Release;
		};
		7382A9CE28EC224C00DA5184 /* Debug */ = {
			isa = XCBuildConfiguration;
			buildSettings = {
				ALWAYS_EMBED_SWIFT_STANDARD_LIBRARIES = YES;
				CODE_SIGN_STYLE = Automatic;
				CURRENT_PROJECT_VERSION = 1;
				DEVELOPMENT_TEAM = 4U8DMJ33ZN;
				GENERATE_INFOPLIST_FILE = YES;
				MARKETING_VERSION = 1.0;
				PRODUCT_BUNDLE_IDENTIFIER = yamany.DataStructuresinSwiftUITests;
				PRODUCT_NAME = "$(TARGET_NAME)";
				SWIFT_EMIT_LOC_STRINGS = NO;
				SWIFT_VERSION = 5.0;
				TARGETED_DEVICE_FAMILY = "1,2";
				TEST_TARGET_NAME = DataStructuresinSwift;
			};
			name = Debug;
		};
		7382A9CF28EC224C00DA5184 /* Release */ = {
			isa = XCBuildConfiguration;
			buildSettings = {
				ALWAYS_EMBED_SWIFT_STANDARD_LIBRARIES = YES;
				CODE_SIGN_STYLE = Automatic;
				CURRENT_PROJECT_VERSION = 1;
				DEVELOPMENT_TEAM = 4U8DMJ33ZN;
				GENERATE_INFOPLIST_FILE = YES;
				MARKETING_VERSION = 1.0;
				PRODUCT_BUNDLE_IDENTIFIER = yamany.DataStructuresinSwiftUITests;
				PRODUCT_NAME = "$(TARGET_NAME)";
				SWIFT_EMIT_LOC_STRINGS = NO;
				SWIFT_VERSION = 5.0;
				TARGETED_DEVICE_FAMILY = "1,2";
				TEST_TARGET_NAME = DataStructuresinSwift;
			};
			name = Release;
		};
/* End XCBuildConfiguration section */

/* Begin XCConfigurationList section */
		7382A99828EC224B00DA5184 /* Build configuration list for PBXProject "DataStructuresinSwift" */ = {
			isa = XCConfigurationList;
			buildConfigurations = (
				7382A9C528EC224C00DA5184 /* Debug */,
				7382A9C628EC224C00DA5184 /* Release */,
			);
			defaultConfigurationIsVisible = 0;
			defaultConfigurationName = Release;
		};
		7382A9C728EC224C00DA5184 /* Build configuration list for PBXNativeTarget "DataStructuresinSwift" */ = {
			isa = XCConfigurationList;
			buildConfigurations = (
				7382A9C828EC224C00DA5184 /* Debug */,
				7382A9C928EC224C00DA5184 /* Release */,
			);
			defaultConfigurationIsVisible = 0;
			defaultConfigurationName = Release;
		};
		7382A9CA28EC224C00DA5184 /* Build configuration list for PBXNativeTarget "DataStructuresinSwiftTests" */ = {
			isa = XCConfigurationList;
			buildConfigurations = (
				7382A9CB28EC224C00DA5184 /* Debug */,
				7382A9CC28EC224C00DA5184 /* Release */,
			);
			defaultConfigurationIsVisible = 0;
			defaultConfigurationName = Release;
		};
		7382A9CD28EC224C00DA5184 /* Build configuration list for PBXNativeTarget "DataStructuresinSwiftUITests" */ = {
			isa = XCConfigurationList;
			buildConfigurations = (
				7382A9CE28EC224C00DA5184 /* Debug */,
				7382A9CF28EC224C00DA5184 /* Release */,
			);
			defaultConfigurationIsVisible = 0;
			defaultConfigurationName = Release;
		};
/* End XCConfigurationList section */
	};
	rootObject = 7382A99528EC224B00DA5184 /* Project object */;
}
